// !$*UTF8*$!
{
	archiveVersion = 1;
	classes = {
	};
	objectVersion = 50;
	objects = {

/* Begin PBXBuildFile section */
		48758C40218FDF1900FE9C00 /* AllListsViewController.swift in Sources */ = {isa = PBXBuildFile; fileRef = 48758C3F218FDF1900FE9C00 /* AllListsViewController.swift */; };
		48758C422191612200FE9C00 /* Checklist.swift in Sources */ = {isa = PBXBuildFile; fileRef = 48758C412191612200FE9C00 /* Checklist.swift */; };
		48758C44219531F100FE9C00 /* ListDetailViewController.swift in Sources */ = {isa = PBXBuildFile; fileRef = 48758C43219531F100FE9C00 /* ListDetailViewController.swift */; };
		48758C822197C9D800FE9C00 /* DataModel.swift in Sources */ = {isa = PBXBuildFile; fileRef = 48758C812197C9D800FE9C00 /* DataModel.swift */; };
		48758CC6219E9A2D00FE9C00 /* ChecklistIcon.swift in Sources */ = {isa = PBXBuildFile; fileRef = 48758CC5219E9A2D00FE9C00 /* ChecklistIcon.swift */; };
		48758CC8219EA02A00FE9C00 /* IconPickerViewController.swift in Sources */ = {isa = PBXBuildFile; fileRef = 48758CC7219EA02A00FE9C00 /* IconPickerViewController.swift */; };
		4876DEAD2174530C00990343 /* AppDelegate.swift in Sources */ = {isa = PBXBuildFile; fileRef = 4876DEAC2174530C00990343 /* AppDelegate.swift */; };
		4876DEAF2174530C00990343 /* ChecklistViewController.swift in Sources */ = {isa = PBXBuildFile; fileRef = 4876DEAE2174530C00990343 /* ChecklistViewController.swift */; };
		4876DEB22174530C00990343 /* Main.storyboard in Resources */ = {isa = PBXBuildFile; fileRef = 4876DEB02174530C00990343 /* Main.storyboard */; };
		4876DEB42174530F00990343 /* Assets.xcassets in Resources */ = {isa = PBXBuildFile; fileRef = 4876DEB32174530F00990343 /* Assets.xcassets */; };
		4876DEC22174530F00990343 /* ChecklistsTests.swift in Sources */ = {isa = PBXBuildFile; fileRef = 4876DEC12174530F00990343 /* ChecklistsTests.swift */; };
		4876DECD2174530F00990343 /* ChecklistsUITests.swift in Sources */ = {isa = PBXBuildFile; fileRef = 4876DECC2174530F00990343 /* ChecklistsUITests.swift */; };
		4876DEDB21799BDD00990343 /* ChecklistItem.swift in Sources */ = {isa = PBXBuildFile; fileRef = 4876DEDA21799BDD00990343 /* ChecklistItem.swift */; };
		4876DEDD217D4CB900990343 /* ItemDetailViewController.swift in Sources */ = {isa = PBXBuildFile; fileRef = 4876DEDC217D4CB900990343 /* ItemDetailViewController.swift */; };
/* End PBXBuildFile section */

/* Begin PBXContainerItemProxy section */
		4876DEBE2174530F00990343 /* PBXContainerItemProxy */ = {
			isa = PBXContainerItemProxy;
			containerPortal = 4876DEA12174530C00990343 /* Project object */;
			proxyType = 1;
			remoteGlobalIDString = 4876DEA82174530C00990343;
			remoteInfo = Checklists;
		};
		4876DEC92174530F00990343 /* PBXContainerItemProxy */ = {
			isa = PBXContainerItemProxy;
			containerPortal = 4876DEA12174530C00990343 /* Project object */;
			proxyType = 1;
			remoteGlobalIDString = 4876DEA82174530C00990343;
			remoteInfo = Checklists;
		};
/* End PBXContainerItemProxy section */

/* Begin PBXFileReference section */
		48758C3F218FDF1900FE9C00 /* AllListsViewController.swift */ = {isa = PBXFileReference; lastKnownFileType = sourcecode.swift; path = AllListsViewController.swift; sourceTree = "<group>"; };
		48758C412191612200FE9C00 /* Checklist.swift */ = {isa = PBXFileReference; lastKnownFileType = sourcecode.swift; path = Checklist.swift; sourceTree = "<group>"; };
		48758C43219531F100FE9C00 /* ListDetailViewController.swift */ = {isa = PBXFileReference; lastKnownFileType = sourcecode.swift; path = ListDetailViewController.swift; sourceTree = "<group>"; };
		48758C812197C9D800FE9C00 /* DataModel.swift */ = {isa = PBXFileReference; lastKnownFileType = sourcecode.swift; path = DataModel.swift; sourceTree = "<group>"; };
		48758CC5219E9A2D00FE9C00 /* ChecklistIcon.swift */ = {isa = PBXFileReference; lastKnownFileType = sourcecode.swift; path = ChecklistIcon.swift; sourceTree = "<group>"; };
		48758CC7219EA02A00FE9C00 /* IconPickerViewController.swift */ = {isa = PBXFileReference; lastKnownFileType = sourcecode.swift; path = IconPickerViewController.swift; sourceTree = "<group>"; };
		4876DEA92174530C00990343 /* Checklists.app */ = {isa = PBXFileReference; explicitFileType = wrapper.application; includeInIndex = 0; path = Checklists.app; sourceTree = BUILT_PRODUCTS_DIR; };
		4876DEAC2174530C00990343 /* AppDelegate.swift */ = {isa = PBXFileReference; lastKnownFileType = sourcecode.swift; path = AppDelegate.swift; sourceTree = "<group>"; };
		4876DEAE2174530C00990343 /* ChecklistViewController.swift */ = {isa = PBXFileReference; lastKnownFileType = sourcecode.swift; path = ChecklistViewController.swift; sourceTree = "<group>"; };
		4876DEB12174530C00990343 /* Base */ = {isa = PBXFileReference; lastKnownFileType = file.storyboard; name = Base; path = Base.lproj/Main.storyboard; sourceTree = "<group>"; };
		4876DEB32174530F00990343 /* Assets.xcassets */ = {isa = PBXFileReference; lastKnownFileType = folder.assetcatalog; path = Assets.xcassets; sourceTree = "<group>"; };
		4876DEB82174530F00990343 /* Info.plist */ = {isa = PBXFileReference; lastKnownFileType = text.plist.xml; path = Info.plist; sourceTree = "<group>"; };
		4876DEBD2174530F00990343 /* ChecklistsTests.xctest */ = {isa = PBXFileReference; explicitFileType = wrapper.cfbundle; includeInIndex = 0; path = ChecklistsTests.xctest; sourceTree = BUILT_PRODUCTS_DIR; };
		4876DEC12174530F00990343 /* ChecklistsTests.swift */ = {isa = PBXFileReference; lastKnownFileType = sourcecode.swift; path = ChecklistsTests.swift; sourceTree = "<group>"; };
		4876DEC32174530F00990343 /* Info.plist */ = {isa = PBXFileReference; lastKnownFileType = text.plist.xml; path = Info.plist; sourceTree = "<group>"; };
		4876DEC82174530F00990343 /* ChecklistsUITests.xctest */ = {isa = PBXFileReference; explicitFileType = wrapper.cfbundle; includeInIndex = 0; path = ChecklistsUITests.xctest; sourceTree = BUILT_PRODUCTS_DIR; };
		4876DECC2174530F00990343 /* ChecklistsUITests.swift */ = {isa = PBXFileReference; lastKnownFileType = sourcecode.swift; path = ChecklistsUITests.swift; sourceTree = "<group>"; };
		4876DECE2174530F00990343 /* Info.plist */ = {isa = PBXFileReference; lastKnownFileType = text.plist.xml; path = Info.plist; sourceTree = "<group>"; };
		4876DEDA21799BDD00990343 /* ChecklistItem.swift */ = {isa = PBXFileReference; lastKnownFileType = sourcecode.swift; path = ChecklistItem.swift; sourceTree = "<group>"; };
		4876DEDC217D4CB900990343 /* ItemDetailViewController.swift */ = {isa = PBXFileReference; lastKnownFileType = sourcecode.swift; path = ItemDetailViewController.swift; sourceTree = "<group>"; };
/* End PBXFileReference section */

/* Begin PBXFrameworksBuildPhase section */
		4876DEA62174530C00990343 /* Frameworks */ = {
			isa = PBXFrameworksBuildPhase;
			buildActionMask = 2147483647;
			files = (
			);
			runOnlyForDeploymentPostprocessing = 0;
		};
		4876DEBA2174530F00990343 /* Frameworks */ = {
			isa = PBXFrameworksBuildPhase;
			buildActionMask = 2147483647;
			files = (
			);
			runOnlyForDeploymentPostprocessing = 0;
		};
		4876DEC52174530F00990343 /* Frameworks */ = {
			isa = PBXFrameworksBuildPhase;
			buildActionMask = 2147483647;
			files = (
			);
			runOnlyForDeploymentPostprocessing = 0;
		};
/* End PBXFrameworksBuildPhase section */

/* Begin PBXGroup section */
		48758CC2219AAE3000FE9C00 /* Data Models */ = {
			isa = PBXGroup;
			children = (
				48758C812197C9D800FE9C00 /* DataModel.swift */,
				48758C412191612200FE9C00 /* Checklist.swift */,
				48758CC5219E9A2D00FE9C00 /* ChecklistIcon.swift */,
				4876DEDA21799BDD00990343 /* ChecklistItem.swift */,
			);
			path = "Data Models";
			sourceTree = "<group>";
		};
		48758CC3219AAE4C00FE9C00 /* View Controllers */ = {
			isa = PBXGroup;
			children = (
				48758C3F218FDF1900FE9C00 /* AllListsViewController.swift */,
				48758C43219531F100FE9C00 /* ListDetailViewController.swift */,
				48758CC7219EA02A00FE9C00 /* IconPickerViewController.swift */,
				4876DEAE2174530C00990343 /* ChecklistViewController.swift */,
				4876DEDC217D4CB900990343 /* ItemDetailViewController.swift */,
			);
			path = "View Controllers";
			sourceTree = "<group>";
		};
		48758CC4219AAE8700FE9C00 /* Resources */ = {
			isa = PBXGroup;
			children = (
				4876DEB02174530C00990343 /* Main.storyboard */,
				4876DEB32174530F00990343 /* Assets.xcassets */,
			);
			path = Resources;
			sourceTree = "<group>";
		};
		4876DEA02174530C00990343 = {
			isa = PBXGroup;
			children = (
				4876DEAB2174530C00990343 /* Checklists */,
				4876DEC02174530F00990343 /* ChecklistsTests */,
				4876DECB2174530F00990343 /* ChecklistsUITests */,
				4876DEAA2174530C00990343 /* Products */,
			);
			sourceTree = "<group>";
		};
		4876DEAA2174530C00990343 /* Products */ = {
			isa = PBXGroup;
			children = (
				4876DEA92174530C00990343 /* Checklists.app */,
				4876DEBD2174530F00990343 /* ChecklistsTests.xctest */,
				4876DEC82174530F00990343 /* ChecklistsUITests.xctest */,
			);
			name = Products;
			sourceTree = "<group>";
		};
		4876DEAB2174530C00990343 /* Checklists */ = {
			isa = PBXGroup;
			children = (
				48758CC2219AAE3000FE9C00 /* Data Models */,
				48758CC3219AAE4C00FE9C00 /* View Controllers */,
				48758CC4219AAE8700FE9C00 /* Resources */,
				4876DEAC2174530C00990343 /* AppDelegate.swift */,
				4876DEB82174530F00990343 /* Info.plist */,
			);
			path = Checklists;
			sourceTree = "<group>";
		};
		4876DEC02174530F00990343 /* ChecklistsTests */ = {
			isa = PBXGroup;
			children = (
				4876DEC12174530F00990343 /* ChecklistsTests.swift */,
				4876DEC32174530F00990343 /* Info.plist */,
			);
			path = ChecklistsTests;
			sourceTree = "<group>";
		};
		4876DECB2174530F00990343 /* ChecklistsUITests */ = {
			isa = PBXGroup;
			children = (
				4876DECC2174530F00990343 /* ChecklistsUITests.swift */,
				4876DECE2174530F00990343 /* Info.plist */,
			);
			path = ChecklistsUITests;
			sourceTree = "<group>";
		};
/* End PBXGroup section */

/* Begin PBXNativeTarget section */
		4876DEA82174530C00990343 /* Checklists */ = {
			isa = PBXNativeTarget;
			buildConfigurationList = 4876DED12174530F00990343 /* Build configuration list for PBXNativeTarget "Checklists" */;
			buildPhases = (
				4876DEA52174530C00990343 /* Sources */,
				4876DEA62174530C00990343 /* Frameworks */,
				4876DEA72174530C00990343 /* Resources */,
			);
			buildRules = (
			);
			dependencies = (
			);
			name = Checklists;
			productName = Checklists;
			productReference = 4876DEA92174530C00990343 /* Checklists.app */;
			productType = "com.apple.product-type.application";
		};
		4876DEBC2174530F00990343 /* ChecklistsTests */ = {
			isa = PBXNativeTarget;
			buildConfigurationList = 4876DED42174530F00990343 /* Build configuration list for PBXNativeTarget "ChecklistsTests" */;
			buildPhases = (
				4876DEB92174530F00990343 /* Sources */,
				4876DEBA2174530F00990343 /* Frameworks */,
				4876DEBB2174530F00990343 /* Resources */,
			);
			buildRules = (
			);
			dependencies = (
				4876DEBF2174530F00990343 /* PBXTargetDependency */,
			);
			name = ChecklistsTests;
			productName = ChecklistsTests;
			productReference = 4876DEBD2174530F00990343 /* ChecklistsTests.xctest */;
			productType = "com.apple.product-type.bundle.unit-test";
		};
		4876DEC72174530F00990343 /* ChecklistsUITests */ = {
			isa = PBXNativeTarget;
			buildConfigurationList = 4876DED72174530F00990343 /* Build configuration list for PBXNativeTarget "ChecklistsUITests" */;
			buildPhases = (
				4876DEC42174530F00990343 /* Sources */,
				4876DEC52174530F00990343 /* Frameworks */,
				4876DEC62174530F00990343 /* Resources */,
			);
			buildRules = (
			);
			dependencies = (
				4876DECA2174530F00990343 /* PBXTargetDependency */,
			);
			name = ChecklistsUITests;
			productName = ChecklistsUITests;
			productReference = 4876DEC82174530F00990343 /* ChecklistsUITests.xctest */;
			productType = "com.apple.product-type.bundle.ui-testing";
		};
/* End PBXNativeTarget section */

/* Begin PBXProject section */
		4876DEA12174530C00990343 /* Project object */ = {
			isa = PBXProject;
			attributes = {
				LastSwiftUpdateCheck = 1000;
				LastUpgradeCheck = 1000;
				ORGANIZATIONNAME = "Aditya Bhat";
				TargetAttributes = {
					4876DEA82174530C00990343 = {
						CreatedOnToolsVersion = 10.0;
					};
					4876DEBC2174530F00990343 = {
						CreatedOnToolsVersion = 10.0;
						TestTargetID = 4876DEA82174530C00990343;
					};
					4876DEC72174530F00990343 = {
						CreatedOnToolsVersion = 10.0;
						TestTargetID = 4876DEA82174530C00990343;
					};
				};
			};
			buildConfigurationList = 4876DEA42174530C00990343 /* Build configuration list for PBXProject "Checklists" */;
			compatibilityVersion = "Xcode 9.3";
			developmentRegion = en;
			hasScannedForEncodings = 0;
			knownRegions = (
				en,
				Base,
			);
			mainGroup = 4876DEA02174530C00990343;
			productRefGroup = 4876DEAA2174530C00990343 /* Products */;
			projectDirPath = "";
			projectRoot = "";
			targets = (
				4876DEA82174530C00990343 /* Checklists */,
				4876DEBC2174530F00990343 /* ChecklistsTests */,
				4876DEC72174530F00990343 /* ChecklistsUITests */,
			);
		};
/* End PBXProject section */

/* Begin PBXResourcesBuildPhase section */
		4876DEA72174530C00990343 /* Resources */ = {
			isa = PBXResourcesBuildPhase;
			buildActionMask = 2147483647;
			files = (
				4876DEB42174530F00990343 /* Assets.xcassets in Resources */,
				4876DEB22174530C00990343 /* Main.storyboard in Resources */,
			);
			runOnlyForDeploymentPostprocessing = 0;
		};
		4876DEBB2174530F00990343 /* Resources */ = {
			isa = PBXResourcesBuildPhase;
			buildActionMask = 2147483647;
			files = (
			);
			runOnlyForDeploymentPostprocessing = 0;
		};
		4876DEC62174530F00990343 /* Resources */ = {
			isa = PBXResourcesBuildPhase;
			buildActionMask = 2147483647;
			files = (
			);
			runOnlyForDeploymentPostprocessing = 0;
		};
/* End PBXResourcesBuildPhase section */

/* Begin PBXSourcesBuildPhase section */
		4876DEA52174530C00990343 /* Sources */ = {
			isa = PBXSourcesBuildPhase;
			buildActionMask = 2147483647;
			files = (
				4876DEAF2174530C00990343 /* ChecklistViewController.swift in Sources */,
				48758C44219531F100FE9C00 /* ListDetailViewController.swift in Sources */,
				4876DEDD217D4CB900990343 /* ItemDetailViewController.swift in Sources */,
				48758CC8219EA02A00FE9C00 /* IconPickerViewController.swift in Sources */,
				48758C422191612200FE9C00 /* Checklist.swift in Sources */,
				4876DEDB21799BDD00990343 /* ChecklistItem.swift in Sources */,
				48758C822197C9D800FE9C00 /* DataModel.swift in Sources */,
				48758CC6219E9A2D00FE9C00 /* ChecklistIcon.swift in Sources */,
				48758C40218FDF1900FE9C00 /* AllListsViewController.swift in Sources */,
				4876DEAD2174530C00990343 /* AppDelegate.swift in Sources */,
			);
			runOnlyForDeploymentPostprocessing = 0;
		};
		4876DEB92174530F00990343 /* Sources */ = {
			isa = PBXSourcesBuildPhase;
			buildActionMask = 2147483647;
			files = (
				4876DEC22174530F00990343 /* ChecklistsTests.swift in Sources */,
			);
			runOnlyForDeploymentPostprocessing = 0;
		};
		4876DEC42174530F00990343 /* Sources */ = {
			isa = PBXSourcesBuildPhase;
			buildActionMask = 2147483647;
			files = (
				4876DECD2174530F00990343 /* ChecklistsUITests.swift in Sources */,
			);
			runOnlyForDeploymentPostprocessing = 0;
		};
/* End PBXSourcesBuildPhase section */

/* Begin PBXTargetDependency section */
		4876DEBF2174530F00990343 /* PBXTargetDependency */ = {
			isa = PBXTargetDependency;
			target = 4876DEA82174530C00990343 /* Checklists */;
			targetProxy = 4876DEBE2174530F00990343 /* PBXContainerItemProxy */;
		};
		4876DECA2174530F00990343 /* PBXTargetDependency */ = {
			isa = PBXTargetDependency;
			target = 4876DEA82174530C00990343 /* Checklists */;
			targetProxy = 4876DEC92174530F00990343 /* PBXContainerItemProxy */;
		};
/* End PBXTargetDependency section */

/* Begin PBXVariantGroup section */
		4876DEB02174530C00990343 /* Main.storyboard */ = {
			isa = PBXVariantGroup;
			children = (
				4876DEB12174530C00990343 /* Base */,
			);
			name = Main.storyboard;
			sourceTree = "<group>";
		};
/* End PBXVariantGroup section */

/* Begin XCBuildConfiguration section */
		4876DECF2174530F00990343 /* Debug */ = {
			isa = XCBuildConfiguration;
			buildSettings = {
				ALWAYS_SEARCH_USER_PATHS = NO;
				CLANG_ANALYZER_NONNULL = YES;
				CLANG_ANALYZER_NUMBER_OBJECT_CONVERSION = YES_AGGRESSIVE;
				CLANG_CXX_LANGUAGE_STANDARD = "gnu++14";
				CLANG_CXX_LIBRARY = "libc++";
				CLANG_ENABLE_MODULES = YES;
				CLANG_ENABLE_OBJC_ARC = YES;
				CLANG_ENABLE_OBJC_WEAK = YES;
				CLANG_WARN_BLOCK_CAPTURE_AUTORELEASING = YES;
				CLANG_WARN_BOOL_CONVERSION = YES;
				CLANG_WARN_COMMA = YES;
				CLANG_WARN_CONSTANT_CONVERSION = YES;
				CLANG_WARN_DEPRECATED_OBJC_IMPLEMENTATIONS = YES;
				CLANG_WARN_DIRECT_OBJC_ISA_USAGE = YES_ERROR;
				CLANG_WARN_DOCUMENTATION_COMMENTS = YES;
				CLANG_WARN_EMPTY_BODY = YES;
				CLANG_WARN_ENUM_CONVERSION = YES;
				CLANG_WARN_INFINITE_RECURSION = YES;
				CLANG_WARN_INT_CONVERSION = YES;
				CLANG_WARN_NON_LITERAL_NULL_CONVERSION = YES;
				CLANG_WARN_OBJC_IMPLICIT_RETAIN_SELF = YES;
				CLANG_WARN_OBJC_LITERAL_CONVERSION = YES;
				CLANG_WARN_OBJC_ROOT_CLASS = YES_ERROR;
				CLANG_WARN_RANGE_LOOP_ANALYSIS = YES;
				CLANG_WARN_STRICT_PROTOTYPES = YES;
				CLANG_WARN_SUSPICIOUS_MOVE = YES;
				CLANG_WARN_UNGUARDED_AVAILABILITY = YES_AGGRESSIVE;
				CLANG_WARN_UNREACHABLE_CODE = YES;
				CLANG_WARN__DUPLICATE_METHOD_MATCH = YES;
				CODE_SIGN_IDENTITY = "iPhone Developer";
				COPY_PHASE_STRIP = NO;
				DEBUG_INFORMATION_FORMAT = dwarf;
				ENABLE_STRICT_OBJC_MSGSEND = YES;
				ENABLE_TESTABILITY = YES;
				GCC_C_LANGUAGE_STANDARD = gnu11;
				GCC_DYNAMIC_NO_PIC = NO;
				GCC_NO_COMMON_BLOCKS = YES;
				GCC_OPTIMIZATION_LEVEL = 0;
				GCC_PREPROCESSOR_DEFINITIONS = (
					"DEBUG=1",
					"$(inherited)",
				);
				GCC_WARN_64_TO_32_BIT_CONVERSION = YES;
				GCC_WARN_ABOUT_RETURN_TYPE = YES_ERROR;
				GCC_WARN_UNDECLARED_SELECTOR = YES;
				GCC_WARN_UNINITIALIZED_AUTOS = YES_AGGRESSIVE;
				GCC_WARN_UNUSED_FUNCTION = YES;
				GCC_WARN_UNUSED_VARIABLE = YES;
				IPHONEOS_DEPLOYMENT_TARGET = 12.0;
				MTL_ENABLE_DEBUG_INFO = INCLUDE_SOURCE;
				MTL_FAST_MATH = YES;
				ONLY_ACTIVE_ARCH = YES;
				SDKROOT = iphoneos;
				SWIFT_ACTIVE_COMPILATION_CONDITIONS = DEBUG;
				SWIFT_OPTIMIZATION_LEVEL = "-Onone";
			};
			name = Debug;
		};
		4876DED02174530F00990343 /* Release */ = {
			isa = XCBuildConfiguration;
			buildSettings = {
				ALWAYS_SEARCH_USER_PATHS = NO;
				CLANG_ANALYZER_NONNULL = YES;
				CLANG_ANALYZER_NUMBER_OBJECT_CONVERSION = YES_AGGRESSIVE;
				CLANG_CXX_LANGUAGE_STANDARD = "gnu++14";
				CLANG_CXX_LIBRARY = "libc++";
				CLANG_ENABLE_MODULES = YES;
				CLANG_ENABLE_OBJC_ARC = YES;
				CLANG_ENABLE_OBJC_WEAK = YES;
				CLANG_WARN_BLOCK_CAPTURE_AUTORELEASING = YES;
				CLANG_WARN_BOOL_CONVERSION = YES;
				CLANG_WARN_COMMA = YES;
				CLANG_WARN_CONSTANT_CONVERSION = YES;
				CLANG_WARN_DEPRECATED_OBJC_IMPLEMENTATIONS = YES;
				CLANG_WARN_DIRECT_OBJC_ISA_USAGE = YES_ERROR;
				CLANG_WARN_DOCUMENTATION_COMMENTS = YES;
				CLANG_WARN_EMPTY_BODY = YES;
				CLANG_WARN_ENUM_CONVERSION = YES;
				CLANG_WARN_INFINITE_RECURSION = YES;
				CLANG_WARN_INT_CONVERSION = YES;
				CLANG_WARN_NON_LITERAL_NULL_CONVERSION = YES;
				CLANG_WARN_OBJC_IMPLICIT_RETAIN_SELF = YES;
				CLANG_WARN_OBJC_LITERAL_CONVERSION = YES;
				CLANG_WARN_OBJC_ROOT_CLASS = YES_ERROR;
				CLANG_WARN_RANGE_LOOP_ANALYSIS = YES;
				CLANG_WARN_STRICT_PROTOTYPES = YES;
				CLANG_WARN_SUSPICIOUS_MOVE = YES;
				CLANG_WARN_UNGUARDED_AVAILABILITY = YES_AGGRESSIVE;
				CLANG_WARN_UNREACHABLE_CODE = YES;
				CLANG_WARN__DUPLICATE_METHOD_MATCH = YES;
				CODE_SIGN_IDENTITY = "iPhone Developer";
				COPY_PHASE_STRIP = NO;
				DEBUG_INFORMATION_FORMAT = "dwarf-with-dsym";
				ENABLE_NS_ASSERTIONS = NO;
				ENABLE_STRICT_OBJC_MSGSEND = YES;
				GCC_C_LANGUAGE_STANDARD = gnu11;
				GCC_NO_COMMON_BLOCKS = YES;
				GCC_WARN_64_TO_32_BIT_CONVERSION = YES;
				GCC_WARN_ABOUT_RETURN_TYPE = YES_ERROR;
				GCC_WARN_UNDECLARED_SELECTOR = YES;
				GCC_WARN_UNINITIALIZED_AUTOS = YES_AGGRESSIVE;
				GCC_WARN_UNUSED_FUNCTION = YES;
				GCC_WARN_UNUSED_VARIABLE = YES;
				IPHONEOS_DEPLOYMENT_TARGET = 12.0;
				MTL_ENABLE_DEBUG_INFO = NO;
				MTL_FAST_MATH = YES;
				SDKROOT = iphoneos;
				SWIFT_COMPILATION_MODE = wholemodule;
				SWIFT_OPTIMIZATION_LEVEL = "-O";
				VALIDATE_PRODUCT = YES;
			};
			name = Release;
		};
		4876DED22174530F00990343 /* Debug */ = {
			isa = XCBuildConfiguration;
			buildSettings = {
				ASSETCATALOG_COMPILER_APPICON_NAME = AppIcon;
				CODE_SIGN_STYLE = Automatic;
				CURRENT_PROJECT_VERSION = 6;
				DEVELOPMENT_TEAM = 9JN3X82564;
				INFOPLIST_FILE = Checklists/Info.plist;
				LD_RUNPATH_SEARCH_PATHS = (
					"$(inherited)",
					"@executable_path/Frameworks",
				);
				PRODUCT_BUNDLE_IDENTIFIER = diddly.bot.studios.Checklists;
				PRODUCT_NAME = "$(TARGET_NAME)";
				SWIFT_VERSION = 4.2;
				TARGETED_DEVICE_FAMILY = "1,2";
				VERSIONING_SYSTEM = "apple-generic";
			};
			name = Debug;
		};
		4876DED32174530F00990343 /* Release */ = {
			isa = XCBuildConfiguration;
			buildSettings = {
				ASSETCATALOG_COMPILER_APPICON_NAME = AppIcon;
				CODE_SIGN_STYLE = Automatic;
				CURRENT_PROJECT_VERSION = 6;
				DEVELOPMENT_TEAM = 9JN3X82564;
				INFOPLIST_FILE = Checklists/Info.plist;
				LD_RUNPATH_SEARCH_PATHS = (
					"$(inherited)",
					"@executable_path/Frameworks",
				);
				PRODUCT_BUNDLE_IDENTIFIER = diddly.bot.studios.Checklists;
				PRODUCT_NAME = "$(TARGET_NAME)";
				SWIFT_VERSION = 4.2;
				TARGETED_DEVICE_FAMILY = "1,2";
				VERSIONING_SYSTEM = "apple-generic";
			};
			name = Release;
		};
		4876DED52174530F00990343 /* Debug */ = {
			isa = XCBuildConfiguration;
			buildSettings = {
				ALWAYS_EMBED_SWIFT_STANDARD_LIBRARIES = YES;
				BUNDLE_LOADER = "$(TEST_HOST)";
				CODE_SIGN_STYLE = Automatic;
				DEVELOPMENT_TEAM = 9JN3X82564;
				INFOPLIST_FILE = ChecklistsTests/Info.plist;
				LD_RUNPATH_SEARCH_PATHS = (
					"$(inherited)",
					"@executable_path/Frameworks",
					"@loader_path/Frameworks",
				);
				PRODUCT_BUNDLE_IDENTIFIER = diddly.bot.studios.ChecklistsTests;
				PRODUCT_NAME = "$(TARGET_NAME)";
				SWIFT_VERSION = 4.2;
				TARGETED_DEVICE_FAMILY = "1,2";
				TEST_HOST = "$(BUILT_PRODUCTS_DIR)/Checklists.app/Checklists";
			};
			name = Debug;
		};
		4876DED62174530F00990343 /* Release */ = {
			isa = XCBuildConfiguration;
			buildSettings = {
				ALWAYS_EMBED_SWIFT_STANDARD_LIBRARIES = YES;
				BUNDLE_LOADER = "$(TEST_HOST)";
				CODE_SIGN_STYLE = Automatic;
				DEVELOPMENT_TEAM = 9JN3X82564;
				INFOPLIST_FILE = ChecklistsTests/Info.plist;
				LD_RUNPATH_SEARCH_PATHS = (
					"$(inherited)",
					"@executable_path/Frameworks",
					"@loader_path/Frameworks",
				);
				PRODUCT_BUNDLE_IDENTIFIER = diddly.bot.studios.ChecklistsTests;
				PRODUCT_NAME = "$(TARGET_NAME)";
				SWIFT_VERSION = 4.2;
				TARGETED_DEVICE_FAMILY = "1,2";
				TEST_HOST = "$(BUILT_PRODUCTS_DIR)/Checklists.app/Checklists";
			};
			name = Release;
		};
		4876DED82174530F00990343 /* Debug */ = {
			isa = XCBuildConfiguration;
			buildSettings = {
				ALWAYS_EMBED_SWIFT_STANDARD_LIBRARIES = YES;
				CODE_SIGN_STYLE = Automatic;
				DEVELOPMENT_TEAM = 9JN3X82564;
				INFOPLIST_FILE = ChecklistsUITests/Info.plist;
				LD_RUNPATH_SEARCH_PATHS = (
					"$(inherited)",
					"@executable_path/Frameworks",
					"@loader_path/Frameworks",
				);
				PRODUCT_BUNDLE_IDENTIFIER = diddly.bot.studios.ChecklistsUITests;
				PRODUCT_NAME = "$(TARGET_NAME)";
				SWIFT_VERSION = 4.2;
				TARGETED_DEVICE_FAMILY = "1,2";
				TEST_TARGET_NAME = Checklists;
			};
			name = Debug;
		};
		4876DED92174530F00990343 /* Release */ = {
			isa = XCBuildConfiguration;
			buildSettings = {
				ALWAYS_EMBED_SWIFT_STANDARD_LIBRARIES = YES;
				CODE_SIGN_STYLE = Automatic;
				DEVELOPMENT_TEAM = 9JN3X82564;
				INFOPLIST_FILE = ChecklistsUITests/Info.plist;
				LD_RUNPATH_SEARCH_PATHS = (
					"$(inherited)",
					"@executable_path/Frameworks",
					"@loader_path/Frameworks",
				);
				PRODUCT_BUNDLE_IDENTIFIER = diddly.bot.studios.ChecklistsUITests;
				PRODUCT_NAME = "$(TARGET_NAME)";
				SWIFT_VERSION = 4.2;
				TARGETED_DEVICE_FAMILY = "1,2";
				TEST_TARGET_NAME = Checklists;
			};
			name = Release;
		};
/* End XCBuildConfiguration section */

/* Begin XCConfigurationList section */
		4876DEA42174530C00990343 /* Build configuration list for PBXProject "Checklists" */ = {
			isa = XCConfigurationList;
			buildConfigurations = (
				4876DECF2174530F00990343 /* Debug */,
				4876DED02174530F00990343 /* Release */,
			);
			defaultConfigurationIsVisible = 0;
			defaultConfigurationName = Release;
		};
		4876DED12174530F00990343 /* Build configuration list for PBXNativeTarget "Checklists" */ = {
			isa = XCConfigurationList;
			buildConfigurations = (
				4876DED22174530F00990343 /* Debug */,
				4876DED32174530F00990343 /* Release */,
			);
			defaultConfigurationIsVisible = 0;
			defaultConfigurationName = Release;
		};
		4876DED42174530F00990343 /* Build configuration list for PBXNativeTarget "ChecklistsTests" */ = {
			isa = XCConfigurationList;
			buildConfigurations = (
				4876DED52174530F00990343 /* Debug */,
				4876DED62174530F00990343 /* Release */,
			);
			defaultConfigurationIsVisible = 0;
			defaultConfigurationName = Release;
		};
		4876DED72174530F00990343 /* Build configuration list for PBXNativeTarget "ChecklistsUITests" */ = {
			isa = XCConfigurationList;
			buildConfigurations = (
				4876DED82174530F00990343 /* Debug */,
				4876DED92174530F00990343 /* Release */,
			);
			defaultConfigurationIsVisible = 0;
			defaultConfigurationName = Release;
		};
/* End XCConfigurationList section */
	};
	rootObject = 4876DEA12174530C00990343 /* Project object */;
}
