// !$*UTF8*$!
{
	archiveVersion = 1;
	classes = {
	};
	objectVersion = 50;
	objects = {

/* Begin PBXBuildFile section */
		4876DE6D216067D400990343 /* AppDelegate.swift in Sources */ = {isa = PBXBuildFile; fileRef = 4876DE6C216067D400990343 /* AppDelegate.swift */; };
		4876DE6F216067D400990343 /* ViewController.swift in Sources */ = {isa = PBXBuildFile; fileRef = 4876DE6E216067D400990343 /* ViewController.swift */; };
		4876DE72216067D400990343 /* Main.storyboard in Resources */ = {isa = PBXBuildFile; fileRef = 4876DE70216067D400990343 /* Main.storyboard */; };
		4876DE74216067D500990343 /* Assets.xcassets in Resources */ = {isa = PBXBuildFile; fileRef = 4876DE73216067D500990343 /* Assets.xcassets */; };
		4876DE77216067D500990343 /* LaunchScreen.storyboard in Resources */ = {isa = PBXBuildFile; fileRef = 4876DE75216067D500990343 /* LaunchScreen.storyboard */; };
		4876DE82216067D500990343 /* BullsEyeTests.swift in Sources */ = {isa = PBXBuildFile; fileRef = 4876DE81216067D500990343 /* BullsEyeTests.swift */; };
		4876DE8D216067D500990343 /* BullsEyeUITests.swift in Sources */ = {isa = PBXBuildFile; fileRef = 4876DE8C216067D500990343 /* BullsEyeUITests.swift */; };
		4876DE9B2161DACB00990343 /* BullsEyeModel.swift in Sources */ = {isa = PBXBuildFile; fileRef = 4876DE9A2161DACB00990343 /* BullsEyeModel.swift */; };
		4876DE9D216328B400990343 /* InfoViewController.swift in Sources */ = {isa = PBXBuildFile; fileRef = 4876DE9C216328B400990343 /* InfoViewController.swift */; };
		4876DE9F2163307000990343 /* BullsEye.html in Resources */ = {isa = PBXBuildFile; fileRef = 4876DE9E2163306F00990343 /* BullsEye.html */; };
/* End PBXBuildFile section */

/* Begin PBXContainerItemProxy section */
		4876DE7E216067D500990343 /* PBXContainerItemProxy */ = {
			isa = PBXContainerItemProxy;
			containerPortal = 4876DE61216067D400990343 /* Project object */;
			proxyType = 1;
			remoteGlobalIDString = 4876DE68216067D400990343;
			remoteInfo = BullsEye;
		};
		4876DE89216067D500990343 /* PBXContainerItemProxy */ = {
			isa = PBXContainerItemProxy;
			containerPortal = 4876DE61216067D400990343 /* Project object */;
			proxyType = 1;
			remoteGlobalIDString = 4876DE68216067D400990343;
			remoteInfo = BullsEye;
		};
/* End PBXContainerItemProxy section */

/* Begin PBXFileReference section */
		4876DE69216067D400990343 /* BullsEye.app */ = {isa = PBXFileReference; explicitFileType = wrapper.application; includeInIndex = 0; path = BullsEye.app; sourceTree = BUILT_PRODUCTS_DIR; };
		4876DE6C216067D400990343 /* AppDelegate.swift */ = {isa = PBXFileReference; lastKnownFileType = sourcecode.swift; path = AppDelegate.swift; sourceTree = "<group>"; };
		4876DE6E216067D400990343 /* ViewController.swift */ = {isa = PBXFileReference; lastKnownFileType = sourcecode.swift; path = ViewController.swift; sourceTree = "<group>"; };
		4876DE71216067D400990343 /* Base */ = {isa = PBXFileReference; lastKnownFileType = file.storyboard; name = Base; path = Base.lproj/Main.storyboard; sourceTree = "<group>"; };
		4876DE73216067D500990343 /* Assets.xcassets */ = {isa = PBXFileReference; lastKnownFileType = folder.assetcatalog; path = Assets.xcassets; sourceTree = "<group>"; };
		4876DE76216067D500990343 /* Base */ = {isa = PBXFileReference; lastKnownFileType = file.storyboard; name = Base; path = Base.lproj/LaunchScreen.storyboard; sourceTree = "<group>"; };
		4876DE78216067D500990343 /* Info.plist */ = {isa = PBXFileReference; lastKnownFileType = text.plist.xml; path = Info.plist; sourceTree = "<group>"; };
		4876DE7D216067D500990343 /* BullsEyeTests.xctest */ = {isa = PBXFileReference; explicitFileType = wrapper.cfbundle; includeInIndex = 0; path = BullsEyeTests.xctest; sourceTree = BUILT_PRODUCTS_DIR; };
		4876DE81216067D500990343 /* BullsEyeTests.swift */ = {isa = PBXFileReference; lastKnownFileType = sourcecode.swift; path = BullsEyeTests.swift; sourceTree = "<group>"; };
		4876DE83216067D500990343 /* Info.plist */ = {isa = PBXFileReference; lastKnownFileType = text.plist.xml; path = Info.plist; sourceTree = "<group>"; };
		4876DE88216067D500990343 /* BullsEyeUITests.xctest */ = {isa = PBXFileReference; explicitFileType = wrapper.cfbundle; includeInIndex = 0; path = BullsEyeUITests.xctest; sourceTree = BUILT_PRODUCTS_DIR; };
		4876DE8C216067D500990343 /* BullsEyeUITests.swift */ = {isa = PBXFileReference; lastKnownFileType = sourcecode.swift; path = BullsEyeUITests.swift; sourceTree = "<group>"; };
		4876DE8E216067D500990343 /* Info.plist */ = {isa = PBXFileReference; lastKnownFileType = text.plist.xml; path = Info.plist; sourceTree = "<group>"; };
		4876DE9A2161DACB00990343 /* BullsEyeModel.swift */ = {isa = PBXFileReference; lastKnownFileType = sourcecode.swift; path = BullsEyeModel.swift; sourceTree = "<group>"; };
		4876DE9C216328B400990343 /* InfoViewController.swift */ = {isa = PBXFileReference; lastKnownFileType = sourcecode.swift; path = InfoViewController.swift; sourceTree = "<group>"; };
		4876DE9E2163306F00990343 /* BullsEye.html */ = {isa = PBXFileReference; fileEncoding = 4; lastKnownFileType = text.html; path = BullsEye.html; sourceTree = "<group>"; };
/* End PBXFileReference section */

/* Begin PBXFrameworksBuildPhase section */
		4876DE66216067D400990343 /* Frameworks */ = {
			isa = PBXFrameworksBuildPhase;
			buildActionMask = 2147483647;
			files = (
			);
			runOnlyForDeploymentPostprocessing = 0;
		};
		4876DE7A216067D500990343 /* Frameworks */ = {
			isa = PBXFrameworksBuildPhase;
			buildActionMask = 2147483647;
			files = (
			);
			runOnlyForDeploymentPostprocessing = 0;
		};
		4876DE85216067D500990343 /* Frameworks */ = {
			isa = PBXFrameworksBuildPhase;
			buildActionMask = 2147483647;
			files = (
			);
			runOnlyForDeploymentPostprocessing = 0;
		};
/* End PBXFrameworksBuildPhase section */

/* Begin PBXGroup section */
		4876DE60216067D400990343 = {
			isa = PBXGroup;
			children = (
				4876DE6B216067D400990343 /* BullsEye */,
				4876DE80216067D500990343 /* BullsEyeTests */,
				4876DE8B216067D500990343 /* BullsEyeUITests */,
				4876DE6A216067D400990343 /* Products */,
			);
			sourceTree = "<group>";
		};
		4876DE6A216067D400990343 /* Products */ = {
			isa = PBXGroup;
			children = (
				4876DE69216067D400990343 /* BullsEye.app */,
				4876DE7D216067D500990343 /* BullsEyeTests.xctest */,
				4876DE88216067D500990343 /* BullsEyeUITests.xctest */,
			);
			name = Products;
			sourceTree = "<group>";
		};
		4876DE6B216067D400990343 /* BullsEye */ = {
			isa = PBXGroup;
			children = (
				4876DE9E2163306F00990343 /* BullsEye.html */,
				4876DE6C216067D400990343 /* AppDelegate.swift */,
				4876DE6E216067D400990343 /* ViewController.swift */,
				4876DE9C216328B400990343 /* InfoViewController.swift */,
				4876DE9A2161DACB00990343 /* BullsEyeModel.swift */,
				4876DE70216067D400990343 /* Main.storyboard */,
				4876DE73216067D500990343 /* Assets.xcassets */,
				4876DE75216067D500990343 /* LaunchScreen.storyboard */,
				4876DE78216067D500990343 /* Info.plist */,
			);
			path = BullsEye;
			sourceTree = "<group>";
		};
		4876DE80216067D500990343 /* BullsEyeTests */ = {
			isa = PBXGroup;
			children = (
				4876DE81216067D500990343 /* BullsEyeTests.swift */,
				4876DE83216067D500990343 /* Info.plist */,
			);
			path = BullsEyeTests;
			sourceTree = "<group>";
		};
		4876DE8B216067D500990343 /* BullsEyeUITests */ = {
			isa = PBXGroup;
			children = (
				4876DE8C216067D500990343 /* BullsEyeUITests.swift */,
				4876DE8E216067D500990343 /* Info.plist */,
			);
			path = BullsEyeUITests;
			sourceTree = "<group>";
		};
/* End PBXGroup section */

/* Begin PBXNativeTarget section */
		4876DE68216067D400990343 /* BullsEye */ = {
			isa = PBXNativeTarget;
			buildConfigurationList = 4876DE91216067D500990343 /* Build configuration list for PBXNativeTarget "BullsEye" */;
			buildPhases = (
				4876DE65216067D400990343 /* Sources */,
				4876DE66216067D400990343 /* Frameworks */,
				4876DE67216067D400990343 /* Resources */,
			);
			buildRules = (
			);
			dependencies = (
			);
			name = BullsEye;
			productName = BullsEye;
			productReference = 4876DE69216067D400990343 /* BullsEye.app */;
			productType = "com.apple.product-type.application";
		};
		4876DE7C216067D500990343 /* BullsEyeTests */ = {
			isa = PBXNativeTarget;
			buildConfigurationList = 4876DE94216067D500990343 /* Build configuration list for PBXNativeTarget "BullsEyeTests" */;
			buildPhases = (
				4876DE79216067D500990343 /* Sources */,
				4876DE7A216067D500990343 /* Frameworks */,
				4876DE7B216067D500990343 /* Resources */,
			);
			buildRules = (
			);
			dependencies = (
				4876DE7F216067D500990343 /* PBXTargetDependency */,
			);
			name = BullsEyeTests;
			productName = BullsEyeTests;
			productReference = 4876DE7D216067D500990343 /* BullsEyeTests.xctest */;
			productType = "com.apple.product-type.bundle.unit-test";
		};
		4876DE87216067D500990343 /* BullsEyeUITests */ = {
			isa = PBXNativeTarget;
			buildConfigurationList = 4876DE97216067D500990343 /* Build configuration list for PBXNativeTarget "BullsEyeUITests" */;
			buildPhases = (
				4876DE84216067D500990343 /* Sources */,
				4876DE85216067D500990343 /* Frameworks */,
				4876DE86216067D500990343 /* Resources */,
			);
			buildRules = (
			);
			dependencies = (
				4876DE8A216067D500990343 /* PBXTargetDependency */,
			);
			name = BullsEyeUITests;
			productName = BullsEyeUITests;
			productReference = 4876DE88216067D500990343 /* BullsEyeUITests.xctest */;
			productType = "com.apple.product-type.bundle.ui-testing";
		};
/* End PBXNativeTarget section */

/* Begin PBXProject section */
		4876DE61216067D400990343 /* Project object */ = {
			isa = PBXProject;
			attributes = {
				LastSwiftUpdateCheck = 1000;
				LastUpgradeCheck = 1000;
				ORGANIZATIONNAME = "Aditya Bhat";
				TargetAttributes = {
					4876DE68216067D400990343 = {
						CreatedOnToolsVersion = 10.0;
					};
					4876DE7C216067D500990343 = {
						CreatedOnToolsVersion = 10.0;
						TestTargetID = 4876DE68216067D400990343;
					};
					4876DE87216067D500990343 = {
						CreatedOnToolsVersion = 10.0;
						TestTargetID = 4876DE68216067D400990343;
					};
				};
			};
			buildConfigurationList = 4876DE64216067D400990343 /* Build configuration list for PBXProject "BullsEye" */;
			compatibilityVersion = "Xcode 9.3";
			developmentRegion = en;
			hasScannedForEncodings = 0;
			knownRegions = (
				en,
				Base,
			);
			mainGroup = 4876DE60216067D400990343;
			productRefGroup = 4876DE6A216067D400990343 /* Products */;
			projectDirPath = "";
			projectRoot = "";
			targets = (
				4876DE68216067D400990343 /* BullsEye */,
				4876DE7C216067D500990343 /* BullsEyeTests */,
				4876DE87216067D500990343 /* BullsEyeUITests */,
			);
		};
/* End PBXProject section */

/* Begin PBXResourcesBuildPhase section */
		4876DE67216067D400990343 /* Resources */ = {
			isa = PBXResourcesBuildPhase;
			buildActionMask = 2147483647;
			files = (
				4876DE77216067D500990343 /* LaunchScreen.storyboard in Resources */,
				4876DE9F2163307000990343 /* BullsEye.html in Resources */,
				4876DE74216067D500990343 /* Assets.xcassets in Resources */,
				4876DE72216067D400990343 /* Main.storyboard in Resources */,
			);
			runOnlyForDeploymentPostprocessing = 0;
		};
		4876DE7B216067D500990343 /* Resources */ = {
			isa = PBXResourcesBuildPhase;
			buildActionMask = 2147483647;
			files = (
			);
			runOnlyForDeploymentPostprocessing = 0;
		};
		4876DE86216067D500990343 /* Resources */ = {
			isa = PBXResourcesBuildPhase;
			buildActionMask = 2147483647;
			files = (
			);
			runOnlyForDeploymentPostprocessing = 0;
		};
/* End PBXResourcesBuildPhase section */

/* Begin PBXSourcesBuildPhase section */
		4876DE65216067D400990343 /* Sources */ = {
			isa = PBXSourcesBuildPhase;
			buildActionMask = 2147483647;
			files = (
				4876DE9B2161DACB00990343 /* BullsEyeModel.swift in Sources */,
				4876DE6F216067D400990343 /* ViewController.swift in Sources */,
				4876DE9D216328B400990343 /* InfoViewController.swift in Sources */,
				4876DE6D216067D400990343 /* AppDelegate.swift in Sources */,
			);
			runOnlyForDeploymentPostprocessing = 0;
		};
		4876DE79216067D500990343 /* Sources */ = {
			isa = PBXSourcesBuildPhase;
			buildActionMask = 2147483647;
			files = (
				4876DE82216067D500990343 /* BullsEyeTests.swift in Sources */,
			);
			runOnlyForDeploymentPostprocessing = 0;
		};
		4876DE84216067D500990343 /* Sources */ = {
			isa = PBXSourcesBuildPhase;
			buildActionMask = 2147483647;
			files = (
				4876DE8D216067D500990343 /* BullsEyeUITests.swift in Sources */,
			);
			runOnlyForDeploymentPostprocessing = 0;
		};
/* End PBXSourcesBuildPhase section */

/* Begin PBXTargetDependency section */
		4876DE7F216067D500990343 /* PBXTargetDependency */ = {
			isa = PBXTargetDependency;
			target = 4876DE68216067D400990343 /* BullsEye */;
			targetProxy = 4876DE7E216067D500990343 /* PBXContainerItemProxy */;
		};
		4876DE8A216067D500990343 /* PBXTargetDependency */ = {
			isa = PBXTargetDependency;
			target = 4876DE68216067D400990343 /* BullsEye */;
			targetProxy = 4876DE89216067D500990343 /* PBXContainerItemProxy */;
		};
/* End PBXTargetDependency section */

/* Begin PBXVariantGroup section */
		4876DE70216067D400990343 /* Main.storyboard */ = {
			isa = PBXVariantGroup;
			children = (
				4876DE71216067D400990343 /* Base */,
			);
			name = Main.storyboard;
			sourceTree = "<group>";
		};
		4876DE75216067D500990343 /* LaunchScreen.storyboard */ = {
			isa = PBXVariantGroup;
			children = (
				4876DE76216067D500990343 /* Base */,
			);
			name = LaunchScreen.storyboard;
			sourceTree = "<group>";
		};
/* End PBXVariantGroup section */

/* Begin XCBuildConfiguration section */
		4876DE8F216067D500990343 /* Debug */ = {
			isa = XCBuildConfiguration;
			buildSettings = {
				ALWAYS_SEARCH_USER_PATHS = NO;
				CLANG_ANALYZER_NONNULL = YES;
				CLANG_ANALYZER_NUMBER_OBJECT_CONVERSION = YES_AGGRESSIVE;
				CLANG_CXX_LANGUAGE_STANDARD = "gnu++14";
				CLANG_CXX_LIBRARY = "libc++";
				CLANG_ENABLE_MODULES = YES;
				CLANG_ENABLE_OBJC_ARC = YES;
				CLANG_ENABLE_OBJC_WEAK = YES;
				CLANG_WARN_BLOCK_CAPTURE_AUTORELEASING = YES;
				CLANG_WARN_BOOL_CONVERSION = YES;
				CLANG_WARN_COMMA = YES;
				CLANG_WARN_CONSTANT_CONVERSION = YES;
				CLANG_WARN_DEPRECATED_OBJC_IMPLEMENTATIONS = YES;
				CLANG_WARN_DIRECT_OBJC_ISA_USAGE = YES_ERROR;
				CLANG_WARN_DOCUMENTATION_COMMENTS = YES;
				CLANG_WARN_EMPTY_BODY = YES;
				CLANG_WARN_ENUM_CONVERSION = YES;
				CLANG_WARN_INFINITE_RECURSION = YES;
				CLANG_WARN_INT_CONVERSION = YES;
				CLANG_WARN_NON_LITERAL_NULL_CONVERSION = YES;
				CLANG_WARN_OBJC_IMPLICIT_RETAIN_SELF = YES;
				CLANG_WARN_OBJC_LITERAL_CONVERSION = YES;
				CLANG_WARN_OBJC_ROOT_CLASS = YES_ERROR;
				CLANG_WARN_RANGE_LOOP_ANALYSIS = YES;
				CLANG_WARN_STRICT_PROTOTYPES = YES;
				CLANG_WARN_SUSPICIOUS_MOVE = YES;
				CLANG_WARN_UNGUARDED_AVAILABILITY = YES_AGGRESSIVE;
				CLANG_WARN_UNREACHABLE_CODE = YES;
				CLANG_WARN__DUPLICATE_METHOD_MATCH = YES;
				CODE_SIGN_IDENTITY = "iPhone Developer";
				COPY_PHASE_STRIP = NO;
				DEBUG_INFORMATION_FORMAT = dwarf;
				ENABLE_STRICT_OBJC_MSGSEND = YES;
				ENABLE_TESTABILITY = YES;
				GCC_C_LANGUAGE_STANDARD = gnu11;
				GCC_DYNAMIC_NO_PIC = NO;
				GCC_NO_COMMON_BLOCKS = YES;
				GCC_OPTIMIZATION_LEVEL = 0;
				GCC_PREPROCESSOR_DEFINITIONS = (
					"DEBUG=1",
					"$(inherited)",
				);
				GCC_WARN_64_TO_32_BIT_CONVERSION = YES;
				GCC_WARN_ABOUT_RETURN_TYPE = YES_ERROR;
				GCC_WARN_UNDECLARED_SELECTOR = YES;
				GCC_WARN_UNINITIALIZED_AUTOS = YES_AGGRESSIVE;
				GCC_WARN_UNUSED_FUNCTION = YES;
				GCC_WARN_UNUSED_VARIABLE = YES;
				IPHONEOS_DEPLOYMENT_TARGET = 12.0;
				MTL_ENABLE_DEBUG_INFO = INCLUDE_SOURCE;
				MTL_FAST_MATH = YES;
				ONLY_ACTIVE_ARCH = YES;
				SDKROOT = iphoneos;
				SWIFT_ACTIVE_COMPILATION_CONDITIONS = DEBUG;
				SWIFT_OPTIMIZATION_LEVEL = "-Onone";
			};
			name = Debug;
		};
		4876DE90216067D500990343 /* Release */ = {
			isa = XCBuildConfiguration;
			buildSettings = {
				ALWAYS_SEARCH_USER_PATHS = NO;
				CLANG_ANALYZER_NONNULL = YES;
				CLANG_ANALYZER_NUMBER_OBJECT_CONVERSION = YES_AGGRESSIVE;
				CLANG_CXX_LANGUAGE_STANDARD = "gnu++14";
				CLANG_CXX_LIBRARY = "libc++";
				CLANG_ENABLE_MODULES = YES;
				CLANG_ENABLE_OBJC_ARC = YES;
				CLANG_ENABLE_OBJC_WEAK = YES;
				CLANG_WARN_BLOCK_CAPTURE_AUTORELEASING = YES;
				CLANG_WARN_BOOL_CONVERSION = YES;
				CLANG_WARN_COMMA = YES;
				CLANG_WARN_CONSTANT_CONVERSION = YES;
				CLANG_WARN_DEPRECATED_OBJC_IMPLEMENTATIONS = YES;
				CLANG_WARN_DIRECT_OBJC_ISA_USAGE = YES_ERROR;
				CLANG_WARN_DOCUMENTATION_COMMENTS = YES;
				CLANG_WARN_EMPTY_BODY = YES;
				CLANG_WARN_ENUM_CONVERSION = YES;
				CLANG_WARN_INFINITE_RECURSION = YES;
				CLANG_WARN_INT_CONVERSION = YES;
				CLANG_WARN_NON_LITERAL_NULL_CONVERSION = YES;
				CLANG_WARN_OBJC_IMPLICIT_RETAIN_SELF = YES;
				CLANG_WARN_OBJC_LITERAL_CONVERSION = YES;
				CLANG_WARN_OBJC_ROOT_CLASS = YES_ERROR;
				CLANG_WARN_RANGE_LOOP_ANALYSIS = YES;
				CLANG_WARN_STRICT_PROTOTYPES = YES;
				CLANG_WARN_SUSPICIOUS_MOVE = YES;
				CLANG_WARN_UNGUARDED_AVAILABILITY = YES_AGGRESSIVE;
				CLANG_WARN_UNREACHABLE_CODE = YES;
				CLANG_WARN__DUPLICATE_METHOD_MATCH = YES;
				CODE_SIGN_IDENTITY = "iPhone Developer";
				COPY_PHASE_STRIP = NO;
				DEBUG_INFORMATION_FORMAT = "dwarf-with-dsym";
				ENABLE_NS_ASSERTIONS = NO;
				ENABLE_STRICT_OBJC_MSGSEND = YES;
				GCC_C_LANGUAGE_STANDARD = gnu11;
				GCC_NO_COMMON_BLOCKS = YES;
				GCC_WARN_64_TO_32_BIT_CONVERSION = YES;
				GCC_WARN_ABOUT_RETURN_TYPE = YES_ERROR;
				GCC_WARN_UNDECLARED_SELECTOR = YES;
				GCC_WARN_UNINITIALIZED_AUTOS = YES_AGGRESSIVE;
				GCC_WARN_UNUSED_FUNCTION = YES;
				GCC_WARN_UNUSED_VARIABLE = YES;
				IPHONEOS_DEPLOYMENT_TARGET = 12.0;
				MTL_ENABLE_DEBUG_INFO = NO;
				MTL_FAST_MATH = YES;
				SDKROOT = iphoneos;
				SWIFT_COMPILATION_MODE = wholemodule;
				SWIFT_OPTIMIZATION_LEVEL = "-O";
				VALIDATE_PRODUCT = YES;
			};
			name = Release;
		};
		4876DE92216067D500990343 /* Debug */ = {
			isa = XCBuildConfiguration;
			buildSettings = {
				ASSETCATALOG_COMPILER_APPICON_NAME = AppIcon;
				CODE_SIGN_STYLE = Automatic;
				CURRENT_PROJECT_VERSION = 2;
				DEVELOPMENT_TEAM = 9JN3X82564;
				INFOPLIST_FILE = BullsEye/Info.plist;
				LD_RUNPATH_SEARCH_PATHS = (
					"$(inherited)",
					"@executable_path/Frameworks",
				);
				PRODUCT_BUNDLE_IDENTIFIER = diddly.bot.studios.BullsEye;
				PRODUCT_NAME = "$(TARGET_NAME)";
				SWIFT_VERSION = 4.2;
				TARGETED_DEVICE_FAMILY = "1,2";
				VERSIONING_SYSTEM = "apple-generic";
			};
			name = Debug;
		};
		4876DE93216067D500990343 /* Release */ = {
			isa = XCBuildConfiguration;
			buildSettings = {
				ASSETCATALOG_COMPILER_APPICON_NAME = AppIcon;
				CODE_SIGN_STYLE = Automatic;
				CURRENT_PROJECT_VERSION = 2;
				DEVELOPMENT_TEAM = 9JN3X82564;
				INFOPLIST_FILE = BullsEye/Info.plist;
				LD_RUNPATH_SEARCH_PATHS = (
					"$(inherited)",
					"@executable_path/Frameworks",
				);
				PRODUCT_BUNDLE_IDENTIFIER = diddly.bot.studios.BullsEye;
				PRODUCT_NAME = "$(TARGET_NAME)";
				SWIFT_VERSION = 4.2;
				TARGETED_DEVICE_FAMILY = "1,2";
				VERSIONING_SYSTEM = "apple-generic";
			};
			name = Release;
		};
		4876DE95216067D500990343 /* Debug */ = {
			isa = XCBuildConfiguration;
			buildSettings = {
				ALWAYS_EMBED_SWIFT_STANDARD_LIBRARIES = YES;
				BUNDLE_LOADER = "$(TEST_HOST)";
				CODE_SIGN_STYLE = Automatic;
				DEVELOPMENT_TEAM = 9JN3X82564;
				INFOPLIST_FILE = BullsEyeTests/Info.plist;
				LD_RUNPATH_SEARCH_PATHS = (
					"$(inherited)",
					"@executable_path/Frameworks",
					"@loader_path/Frameworks",
				);
				PRODUCT_BUNDLE_IDENTIFIER = diddly.bot.studios.BullsEyeTests;
				PRODUCT_NAME = "$(TARGET_NAME)";
				SWIFT_VERSION = 4.2;
				TARGETED_DEVICE_FAMILY = "1,2";
				TEST_HOST = "$(BUILT_PRODUCTS_DIR)/BullsEye.app/BullsEye";
			};
			name = Debug;
		};
		4876DE96216067D500990343 /* Release */ = {
			isa = XCBuildConfiguration;
			buildSettings = {
				ALWAYS_EMBED_SWIFT_STANDARD_LIBRARIES = YES;
				BUNDLE_LOADER = "$(TEST_HOST)";
				CODE_SIGN_STYLE = Automatic;
				DEVELOPMENT_TEAM = 9JN3X82564;
				INFOPLIST_FILE = BullsEyeTests/Info.plist;
				LD_RUNPATH_SEARCH_PATHS = (
					"$(inherited)",
					"@executable_path/Frameworks",
					"@loader_path/Frameworks",
				);
				PRODUCT_BUNDLE_IDENTIFIER = diddly.bot.studios.BullsEyeTests;
				PRODUCT_NAME = "$(TARGET_NAME)";
				SWIFT_VERSION = 4.2;
				TARGETED_DEVICE_FAMILY = "1,2";
				TEST_HOST = "$(BUILT_PRODUCTS_DIR)/BullsEye.app/BullsEye";
			};
			name = Release;
		};
		4876DE98216067D500990343 /* Debug */ = {
			isa = XCBuildConfiguration;
			buildSettings = {
				ALWAYS_EMBED_SWIFT_STANDARD_LIBRARIES = YES;
				CODE_SIGN_STYLE = Automatic;
				DEVELOPMENT_TEAM = 9JN3X82564;
				INFOPLIST_FILE = BullsEyeUITests/Info.plist;
				LD_RUNPATH_SEARCH_PATHS = (
					"$(inherited)",
					"@executable_path/Frameworks",
					"@loader_path/Frameworks",
				);
				PRODUCT_BUNDLE_IDENTIFIER = diddly.bot.studios.BullsEyeUITests;
				PRODUCT_NAME = "$(TARGET_NAME)";
				SWIFT_VERSION = 4.2;
				TARGETED_DEVICE_FAMILY = "1,2";
				TEST_TARGET_NAME = BullsEye;
			};
			name = Debug;
		};
		4876DE99216067D500990343 /* Release */ = {
			isa = XCBuildConfiguration;
			buildSettings = {
				ALWAYS_EMBED_SWIFT_STANDARD_LIBRARIES = YES;
				CODE_SIGN_STYLE = Automatic;
				DEVELOPMENT_TEAM = 9JN3X82564;
				INFOPLIST_FILE = BullsEyeUITests/Info.plist;
				LD_RUNPATH_SEARCH_PATHS = (
					"$(inherited)",
					"@executable_path/Frameworks",
					"@loader_path/Frameworks",
				);
				PRODUCT_BUNDLE_IDENTIFIER = diddly.bot.studios.BullsEyeUITests;
				PRODUCT_NAME = "$(TARGET_NAME)";
				SWIFT_VERSION = 4.2;
				TARGETED_DEVICE_FAMILY = "1,2";
				TEST_TARGET_NAME = BullsEye;
			};
			name = Release;
		};
/* End XCBuildConfiguration section */

/* Begin XCConfigurationList section */
		4876DE64216067D400990343 /* Build configuration list for PBXProject "BullsEye" */ = {
			isa = XCConfigurationList;
			buildConfigurations = (
				4876DE8F216067D500990343 /* Debug */,
				4876DE90216067D500990343 /* Release */,
			);
			defaultConfigurationIsVisible = 0;
			defaultConfigurationName = Release;
		};
		4876DE91216067D500990343 /* Build configuration list for PBXNativeTarget "BullsEye" */ = {
			isa = XCConfigurationList;
			buildConfigurations = (
				4876DE92216067D500990343 /* Debug */,
				4876DE93216067D500990343 /* Release */,
			);
			defaultConfigurationIsVisible = 0;
			defaultConfigurationName = Release;
		};
		4876DE94216067D500990343 /* Build configuration list for PBXNativeTarget "BullsEyeTests" */ = {
			isa = XCConfigurationList;
			buildConfigurations = (
				4876DE95216067D500990343 /* Debug */,
				4876DE96216067D500990343 /* Release */,
			);
			defaultConfigurationIsVisible = 0;
			defaultConfigurationName = Release;
		};
		4876DE97216067D500990343 /* Build configuration list for PBXNativeTarget "BullsEyeUITests" */ = {
			isa = XCConfigurationList;
			buildConfigurations = (
				4876DE98216067D500990343 /* Debug */,
				4876DE99216067D500990343 /* Release */,
			);
			defaultConfigurationIsVisible = 0;
			defaultConfigurationName = Release;
		};
/* End XCConfigurationList section */
	};
	rootObject = 4876DE61216067D400990343 /* Project object */;
}
